// !$*UTF8*$!
{
	archiveVersion = 1;
	classes = {
	};
	objectVersion = 46;
	objects = {

/* Begin PBXBuildFile section */
		446A32EBDED6DB4C1E285009 /* libPods-KFRDateWrapperTests.a in Frameworks */ = {isa = PBXBuildFile; fileRef = BF0C0282E31A47FDFDF2CB46 /* libPods-KFRDateWrapperTests.a */; };
		BE60D7651A7E88990084D7F8 /* NSDate+KFRExtensions.m in Sources */ = {isa = PBXBuildFile; fileRef = BE60D7641A7E88990084D7F8 /* NSDate+KFRExtensions.m */; };
		BE60D7671A7E8EB10084D7F8 /* NSDate+KFRExtensionsSpec.m in Sources */ = {isa = PBXBuildFile; fileRef = BE60D7661A7E8EB10084D7F8 /* NSDate+KFRExtensionsSpec.m */; };
		BE60D7691A7E92D50084D7F8 /* NSDate+KFRExtensions.m in Sources */ = {isa = PBXBuildFile; fileRef = BE60D7641A7E88990084D7F8 /* NSDate+KFRExtensions.m */; };
/* End PBXBuildFile section */

/* Begin PBXCopyFilesBuildPhase section */
		BE60D7491A7E80C60084D7F8 /* CopyFiles */ = {
			isa = PBXCopyFilesBuildPhase;
			buildActionMask = 2147483647;
			dstPath = "include/$(PRODUCT_NAME)";
			dstSubfolderSpec = 16;
			files = (
			);
			runOnlyForDeploymentPostprocessing = 0;
		};
/* End PBXCopyFilesBuildPhase section */

/* Begin PBXFileReference section */
		BE60D74B1A7E80C60084D7F8 /* libKFRDateWrapper.a */ = {isa = PBXFileReference; explicitFileType = archive.ar; includeInIndex = 0; path = libKFRDateWrapper.a; sourceTree = BUILT_PRODUCTS_DIR; };
		BE60D7561A7E80C70084D7F8 /* KFRDateWrapperTests.xctest */ = {isa = PBXFileReference; explicitFileType = wrapper.cfbundle; includeInIndex = 0; path = KFRDateWrapperTests.xctest; sourceTree = BUILT_PRODUCTS_DIR; };
		BE60D7591A7E80C70084D7F8 /* Info.plist */ = {isa = PBXFileReference; lastKnownFileType = text.plist.xml; path = Info.plist; sourceTree = "<group>"; };
		BE60D7631A7E88990084D7F8 /* NSDate+KFRExtensions.h */ = {isa = PBXFileReference; fileEncoding = 4; lastKnownFileType = sourcecode.c.h; path = "NSDate+KFRExtensions.h"; sourceTree = "<group>"; };
		BE60D7641A7E88990084D7F8 /* NSDate+KFRExtensions.m */ = {isa = PBXFileReference; fileEncoding = 4; lastKnownFileType = sourcecode.c.objc; path = "NSDate+KFRExtensions.m"; sourceTree = "<group>"; };
		BE60D7661A7E8EB10084D7F8 /* NSDate+KFRExtensionsSpec.m */ = {isa = PBXFileReference; fileEncoding = 4; lastKnownFileType = sourcecode.c.objc; path = "NSDate+KFRExtensionsSpec.m"; sourceTree = "<group>"; };
		BF0C0282E31A47FDFDF2CB46 /* libPods-KFRDateWrapperTests.a */ = {isa = PBXFileReference; explicitFileType = archive.ar; includeInIndex = 0; path = "libPods-KFRDateWrapperTests.a"; sourceTree = BUILT_PRODUCTS_DIR; };
		C6691198F8CEE667F423C432 /* Pods-KFRDateWrapperTests.debug.xcconfig */ = {isa = PBXFileReference; includeInIndex = 1; lastKnownFileType = text.xcconfig; name = "Pods-KFRDateWrapperTests.debug.xcconfig"; path = "Pods/Target Support Files/Pods-KFRDateWrapperTests/Pods-KFRDateWrapperTests.debug.xcconfig"; sourceTree = "<group>"; };
		E90F810BEB83CB0BE771821A /* Pods-KFRDateWrapperTests.release.xcconfig */ = {isa = PBXFileReference; includeInIndex = 1; lastKnownFileType = text.xcconfig; name = "Pods-KFRDateWrapperTests.release.xcconfig"; path = "Pods/Target Support Files/Pods-KFRDateWrapperTests/Pods-KFRDateWrapperTests.release.xcconfig"; sourceTree = "<group>"; };
/* End PBXFileReference section */

/* Begin PBXFrameworksBuildPhase section */
		BE60D7481A7E80C60084D7F8 /* Frameworks */ = {
			isa = PBXFrameworksBuildPhase;
			buildActionMask = 2147483647;
			files = (
			);
			runOnlyForDeploymentPostprocessing = 0;
		};
		BE60D7531A7E80C70084D7F8 /* Frameworks */ = {
			isa = PBXFrameworksBuildPhase;
			buildActionMask = 2147483647;
			files = (
				446A32EBDED6DB4C1E285009 /* libPods-KFRDateWrapperTests.a in Frameworks */,
			);
			runOnlyForDeploymentPostprocessing = 0;
		};
/* End PBXFrameworksBuildPhase section */

/* Begin PBXGroup section */
		708E1BA77BEB3097183F4041 /* Pods */ = {
			isa = PBXGroup;
			children = (
				C6691198F8CEE667F423C432 /* Pods-KFRDateWrapperTests.debug.xcconfig */,
				E90F810BEB83CB0BE771821A /* Pods-KFRDateWrapperTests.release.xcconfig */,
			);
			name = Pods;
			sourceTree = "<group>";
		};
		BE60D7421A7E80C60084D7F8 = {
			isa = PBXGroup;
			children = (
				BE60D74D1A7E80C60084D7F8 /* KFRDateWrapper */,
				BE60D7571A7E80C70084D7F8 /* KFRDateWrapperTests */,
				BE60D74C1A7E80C60084D7F8 /* Products */,
				708E1BA77BEB3097183F4041 /* Pods */,
				D2F6E3408C402E954C144CA6 /* Frameworks */,
			);
			sourceTree = "<group>";
		};
		BE60D74C1A7E80C60084D7F8 /* Products */ = {
			isa = PBXGroup;
			children = (
				BE60D74B1A7E80C60084D7F8 /* libKFRDateWrapper.a */,
				BE60D7561A7E80C70084D7F8 /* KFRDateWrapperTests.xctest */,
			);
			name = Products;
			sourceTree = "<group>";
		};
		BE60D74D1A7E80C60084D7F8 /* KFRDateWrapper */ = {
			isa = PBXGroup;
			children = (
				BE60D7621A7E88990084D7F8 /* NSDate */,
			);
			path = KFRDateWrapper;
			sourceTree = "<group>";
		};
		BE60D7571A7E80C70084D7F8 /* KFRDateWrapperTests */ = {
			isa = PBXGroup;
			children = (
				BE60D7661A7E8EB10084D7F8 /* NSDate+KFRExtensionsSpec.m */,
				BE60D7581A7E80C70084D7F8 /* Supporting Files */,
			);
			path = KFRDateWrapperTests;
			sourceTree = "<group>";
		};
		BE60D7581A7E80C70084D7F8 /* Supporting Files */ = {
			isa = PBXGroup;
			children = (
				BE60D7591A7E80C70084D7F8 /* Info.plist */,
			);
			name = "Supporting Files";
			sourceTree = "<group>";
		};
		BE60D7621A7E88990084D7F8 /* NSDate */ = {
			isa = PBXGroup;
			children = (
				BE60D7631A7E88990084D7F8 /* NSDate+KFRExtensions.h */,
				BE60D7641A7E88990084D7F8 /* NSDate+KFRExtensions.m */,
			);
			path = NSDate;
			sourceTree = "<group>";
		};
		D2F6E3408C402E954C144CA6 /* Frameworks */ = {
			isa = PBXGroup;
			children = (
				BF0C0282E31A47FDFDF2CB46 /* libPods-KFRDateWrapperTests.a */,
			);
			name = Frameworks;
			sourceTree = "<group>";
		};
/* End PBXGroup section */

/* Begin PBXNativeTarget section */
		BE60D74A1A7E80C60084D7F8 /* KFRDateWrapper */ = {
			isa = PBXNativeTarget;
			buildConfigurationList = BE60D75C1A7E80C70084D7F8 /* Build configuration list for PBXNativeTarget "KFRDateWrapper" */;
			buildPhases = (
				BE60D7471A7E80C60084D7F8 /* Sources */,
				BE60D7481A7E80C60084D7F8 /* Frameworks */,
				BE60D7491A7E80C60084D7F8 /* CopyFiles */,
			);
			buildRules = (
			);
			dependencies = (
			);
			name = KFRDateWrapper;
			productName = KFRDateWrapper;
			productReference = BE60D74B1A7E80C60084D7F8 /* libKFRDateWrapper.a */;
			productType = "com.apple.product-type.library.static";
		};
		BE60D7551A7E80C70084D7F8 /* KFRDateWrapperTests */ = {
			isa = PBXNativeTarget;
			buildConfigurationList = BE60D75F1A7E80C70084D7F8 /* Build configuration list for PBXNativeTarget "KFRDateWrapperTests" */;
			buildPhases = (
				3BA2C6885556B987792C739A /* Check Pods Manifest.lock */,
				BE60D7521A7E80C70084D7F8 /* Sources */,
				BE60D7531A7E80C70084D7F8 /* Frameworks */,
				BE60D7541A7E80C70084D7F8 /* Resources */,
				112CF44287608D0FFCCB6D04 /* Copy Pods Resources */,
			);
			buildRules = (
			);
			dependencies = (
			);
			name = KFRDateWrapperTests;
			productName = KFRDateWrapperTests;
			productReference = BE60D7561A7E80C70084D7F8 /* KFRDateWrapperTests.xctest */;
			productType = "com.apple.product-type.bundle.unit-test";
		};
/* End PBXNativeTarget section */

/* Begin PBXProject section */
		BE60D7431A7E80C60084D7F8 /* Project object */ = {
			isa = PBXProject;
			attributes = {
				LastUpgradeCheck = 0600;
				ORGANIZATIONNAME = "Ken B";
				TargetAttributes = {
					BE60D74A1A7E80C60084D7F8 = {
						CreatedOnToolsVersion = 6.0;
					};
					BE60D7551A7E80C70084D7F8 = {
						CreatedOnToolsVersion = 6.0;
					};
				};
			};
			buildConfigurationList = BE60D7461A7E80C60084D7F8 /* Build configuration list for PBXProject "KFRDateWrapper" */;
			compatibilityVersion = "Xcode 3.2";
			developmentRegion = English;
			hasScannedForEncodings = 0;
			knownRegions = (
				en,
			);
			mainGroup = BE60D7421A7E80C60084D7F8;
			productRefGroup = BE60D74C1A7E80C60084D7F8 /* Products */;
			projectDirPath = "";
			projectRoot = "";
			targets = (
				BE60D74A1A7E80C60084D7F8 /* KFRDateWrapper */,
				BE60D7551A7E80C70084D7F8 /* KFRDateWrapperTests */,
			);
		};
/* End PBXProject section */

/* Begin PBXResourcesBuildPhase section */
		BE60D7541A7E80C70084D7F8 /* Resources */ = {
			isa = PBXResourcesBuildPhase;
			buildActionMask = 2147483647;
			files = (
			);
			runOnlyForDeploymentPostprocessing = 0;
		};
/* End PBXResourcesBuildPhase section */

/* Begin PBXShellScriptBuildPhase section */
		112CF44287608D0FFCCB6D04 /* Copy Pods Resources */ = {
			isa = PBXShellScriptBuildPhase;
			buildActionMask = 2147483647;
			files = (
			);
			inputPaths = (
			);
			name = "Copy Pods Resources";
			outputPaths = (
			);
			runOnlyForDeploymentPostprocessing = 0;
			shellPath = /bin/sh;
			shellScript = "\"${SRCROOT}/Pods/Target Support Files/Pods-KFRDateWrapperTests/Pods-KFRDateWrapperTests-resources.sh\"\n";
			showEnvVarsInLog = 0;
		};
		3BA2C6885556B987792C739A /* Check Pods Manifest.lock */ = {
			isa = PBXShellScriptBuildPhase;
			buildActionMask = 2147483647;
			files = (
			);
			inputPaths = (
			);
			name = "Check Pods Manifest.lock";
			outputPaths = (
			);
			runOnlyForDeploymentPostprocessing = 0;
			shellPath = /bin/sh;
			shellScript = "diff \"${PODS_ROOT}/../Podfile.lock\" \"${PODS_ROOT}/Manifest.lock\" > /dev/null\nif [[ $? != 0 ]] ; then\n    cat << EOM\nerror: The sandbox is not in sync with the Podfile.lock. Run 'pod install' or update your CocoaPods installation.\nEOM\n    exit 1\nfi\n";
			showEnvVarsInLog = 0;
		};
/* End PBXShellScriptBuildPhase section */

/* Begin PBXSourcesBuildPhase section */
		BE60D7471A7E80C60084D7F8 /* Sources */ = {
			isa = PBXSourcesBuildPhase;
			buildActionMask = 2147483647;
			files = (
				BE60D7651A7E88990084D7F8 /* NSDate+KFRExtensions.m in Sources */,
			);
			runOnlyForDeploymentPostprocessing = 0;
		};
		BE60D7521A7E80C70084D7F8 /* Sources */ = {
			isa = PBXSourcesBuildPhase;
			buildActionMask = 2147483647;
			files = (
				BE60D7691A7E92D50084D7F8 /* NSDate+KFRExtensions.m in Sources */,
				BE60D7671A7E8EB10084D7F8 /* NSDate+KFRExtensionsSpec.m in Sources */,
			);
			runOnlyForDeploymentPostprocessing = 0;
		};
/* End PBXSourcesBuildPhase section */

/* Begin XCBuildConfiguration section */
		BE60D75A1A7E80C70084D7F8 /* Debug */ = {
			isa = XCBuildConfiguration;
			buildSettings = {
				ALWAYS_SEARCH_USER_PATHS = NO;
				CLANG_CXX_LANGUAGE_STANDARD = "gnu++0x";
				CLANG_CXX_LIBRARY = "libc++";
				CLANG_ENABLE_MODULES = YES;
				CLANG_ENABLE_OBJC_ARC = YES;
				CLANG_WARN_BOOL_CONVERSION = YES;
				CLANG_WARN_CONSTANT_CONVERSION = YES;
				CLANG_WARN_DIRECT_OBJC_ISA_USAGE = YES_ERROR;
				CLANG_WARN_EMPTY_BODY = YES;
				CLANG_WARN_ENUM_CONVERSION = YES;
				CLANG_WARN_INT_CONVERSION = YES;
				CLANG_WARN_OBJC_ROOT_CLASS = YES_ERROR;
				CLANG_WARN_UNREACHABLE_CODE = YES;
				CLANG_WARN__DUPLICATE_METHOD_MATCH = YES;
				COPY_PHASE_STRIP = NO;
				ENABLE_STRICT_OBJC_MSGSEND = YES;
				GCC_C_LANGUAGE_STANDARD = gnu99;
				GCC_DYNAMIC_NO_PIC = NO;
				GCC_OPTIMIZATION_LEVEL = 0;
				GCC_PREPROCESSOR_DEFINITIONS = (
					"DEBUG=1",
					"$(inherited)",
				);
				GCC_SYMBOLS_PRIVATE_EXTERN = NO;
				GCC_WARN_64_TO_32_BIT_CONVERSION = YES;
				GCC_WARN_ABOUT_RETURN_TYPE = YES_ERROR;
				GCC_WARN_UNDECLARED_SELECTOR = YES;
				GCC_WARN_UNINITIALIZED_AUTOS = YES_AGGRESSIVE;
				GCC_WARN_UNUSED_FUNCTION = YES;
				GCC_WARN_UNUSED_VARIABLE = YES;
				IPHONEOS_DEPLOYMENT_TARGET = 8.0;
				MTL_ENABLE_DEBUG_INFO = YES;
				ONLY_ACTIVE_ARCH = YES;
				SDKROOT = iphoneos;
			};
			name = Debug;
		};
		BE60D75B1A7E80C70084D7F8 /* Release */ = {
			isa = XCBuildConfiguration;
			buildSettings = {
				ALWAYS_SEARCH_USER_PATHS = NO;
				CLANG_CXX_LANGUAGE_STANDARD = "gnu++0x";
				CLANG_CXX_LIBRARY = "libc++";
				CLANG_ENABLE_MODULES = YES;
				CLANG_ENABLE_OBJC_ARC = YES;
				CLANG_WARN_BOOL_CONVERSION = YES;
				CLANG_WARN_CONSTANT_CONVERSION = YES;
				CLANG_WARN_DIRECT_OBJC_ISA_USAGE = YES_ERROR;
				CLANG_WARN_EMPTY_BODY = YES;
				CLANG_WARN_ENUM_CONVERSION = YES;
				CLANG_WARN_INT_CONVERSION = YES;
				CLANG_WARN_OBJC_ROOT_CLASS = YES_ERROR;
				CLANG_WARN_UNREACHABLE_CODE = YES;
				CLANG_WARN__DUPLICATE_METHOD_MATCH = YES;
				COPY_PHASE_STRIP = YES;
				ENABLE_NS_ASSERTIONS = NO;
				ENABLE_STRICT_OBJC_MSGSEND = YES;
				GCC_C_LANGUAGE_STANDARD = gnu99;
				GCC_WARN_64_TO_32_BIT_CONVERSION = YES;
				GCC_WARN_ABOUT_RETURN_TYPE = YES_ERROR;
				GCC_WARN_UNDECLARED_SELECTOR = YES;
				GCC_WARN_UNINITIALIZED_AUTOS = YES_AGGRESSIVE;
				GCC_WARN_UNUSED_FUNCTION = YES;
				GCC_WARN_UNUSED_VARIABLE = YES;
				IPHONEOS_DEPLOYMENT_TARGET = 8.0;
				MTL_ENABLE_DEBUG_INFO = NO;
				SDKROOT = iphoneos;
				VALIDATE_PRODUCT = YES;
			};
			name = Release;
		};
		BE60D75D1A7E80C70084D7F8 /* Debug */ = {
			isa = XCBuildConfiguration;
			buildSettings = {
				OTHER_LDFLAGS = "-ObjC";
				PRODUCT_NAME = "$(TARGET_NAME)";
				SKIP_INSTALL = YES;
			};
			name = Debug;
		};
		BE60D75E1A7E80C70084D7F8 /* Release */ = {
			isa = XCBuildConfiguration;
			buildSettings = {
				OTHER_LDFLAGS = "-ObjC";
				PRODUCT_NAME = "$(TARGET_NAME)";
				SKIP_INSTALL = YES;
			};
			name = Release;
		};
		BE60D7601A7E80C70084D7F8 /* Debug */ = {
			isa = XCBuildConfiguration;
			baseConfigurationReference = C6691198F8CEE667F423C432 /* Pods-KFRDateWrapperTests.debug.xcconfig */;
			buildSettings = {
				FRAMEWORK_SEARCH_PATHS = (
					"$(SDKROOT)/Developer/Library/Frameworks",
					"$(inherited)",
				);
				GCC_PREPROCESSOR_DEFINITIONS = (
					"DEBUG=1",
					"$(inherited)",
				);
				INFOPLIST_FILE = KFRDateWrapperTests/Info.plist;
				LD_RUNPATH_SEARCH_PATHS = "$(inherited) @executable_path/Frameworks @loader_path/Frameworks";
				PRODUCT_NAME = "$(TARGET_NAME)";
			};
			name = Debug;
		};
		BE60D7611A7E80C70084D7F8 /* Release */ = {
			isa = XCBuildConfiguration;
			baseConfigurationReference = E90F810BEB83CB0BE771821A /* Pods-KFRDateWrapperTests.release.xcconfig */;
			buildSettings = {
				FRAMEWORK_SEARCH_PATHS = (
					"$(SDKROOT)/Developer/Library/Frameworks",
					"$(inherited)",
				);
				INFOPLIST_FILE = KFRDateWrapperTests/Info.plist;
				LD_RUNPATH_SEARCH_PATHS = "$(inherited) @executable_path/Frameworks @loader_path/Frameworks";
				PRODUCT_NAME = "$(TARGET_NAME)";
			};
			name = Release;
		};
/* End XCBuildConfiguration section */

/* Begin XCConfigurationList section */
		BE60D7461A7E80C60084D7F8 /* Build configuration list for PBXProject "KFRDateWrapper" */ = {
			isa = XCConfigurationList;
			buildConfigurations = (
				BE60D75A1A7E80C70084D7F8 /* Debug */,
				BE60D75B1A7E80C70084D7F8 /* Release */,
			);
			defaultConfigurationIsVisible = 0;
			defaultConfigurationName = Release;
		};
		BE60D75C1A7E80C70084D7F8 /* Build configuration list for PBXNativeTarget "KFRDateWrapper" */ = {
			isa = XCConfigurationList;
			buildConfigurations = (
				BE60D75D1A7E80C70084D7F8 /* Debug */,
				BE60D75E1A7E80C70084D7F8 /* Release */,
			);
			defaultConfigurationIsVisible = 0;
			defaultConfigurationName = Release;
		};
		BE60D75F1A7E80C70084D7F8 /* Build configuration list for PBXNativeTarget "KFRDateWrapperTests" */ = {
			isa = XCConfigurationList;
			buildConfigurations = (
				BE60D7601A7E80C70084D7F8 /* Debug */,
				BE60D7611A7E80C70084D7F8 /* Release */,
			);
			defaultConfigurationIsVisible = 0;
			defaultConfigurationName = Release;
		};
/* End XCConfigurationList section */
	};
	rootObject = BE60D7431A7E80C60084D7F8 /* Project object */;
}
